
Microsoft Visual Studio Solution File, Format Version 12.00
# Visual Studio Version 17
VisualStudioVersion = 17.13.35931.197 d17.13
MinimumVisualStudioVersion = 10.0.40219.1
Project("{FAE04EC0-301F-11D3-BF4B-00C04F79EFBC}") = "zad2.19.06", "zad2.19.06.csproj", "{94665472-E11B-41A4-9839-AC26F6208493}"
EndProject
Global
	GlobalSection(SolutionConfigurationPlatforms) = preSolution
		Debug|Any CPU = Debug|Any CPU
		Release|Any CPU = Release|Any CPU
	EndGlobalSection
	GlobalSection(ProjectConfigurationPlatforms) = postSolution
		{94665472-E11B-41A4-9839-AC26F6208493}.Debug|Any CPU.ActiveCfg = Debug|Any CPU
		{94665472-E11B-41A4-9839-AC26F6208493}.Debug|Any CPU.Build.0 = Debug|Any CPU
		{94665472-E11B-41A4-9839-AC26F6208493}.Release|Any CPU.ActiveCfg = Release|Any CPU
		{94665472-E11B-41A4-9839-AC26F6208493}.Release|Any CPU.Build.0 = Release|Any CPU
	EndGlobalSection
	GlobalSection(SolutionProperties) = preSolution
		HideSolutionNode = FALSE
	EndGlobalSection
	GlobalSection(ExtensibilityGlobals) = postSolution
		SolutionGuid = {E9F4EA67-806A-451D-B880-65289449A312}
	EndGlobalSection
EndGlobal
